# THIS IS AN AUTOGENERATED FILE. DO NOT EDIT THIS FILE DIRECTLY.
# yarn lockfile v1


nan@^2.0.9:
  version "2.10.0"
  resolved "https://registry.yarnpkg.com/nan/-/nan-2.10.0.tgz#96d0cd610ebd58d4b4de9cc0c6828cda99c7548f"

"pcap@https://github.com/mranney/node_pcap.git":
  version "2.0.0"
  resolved "https://github.com/mranney/node_pcap.git#200a8e771d4b853b2c339a64a1e500c308c9ef7e"
  dependencies:
    nan "^2.0.9"
    socketwatcher "git+https://github.com/bytzdev/node-socketwatcher.git"

"socketwatcher@git+https://github.com/bytzdev/node-socketwatcher.git":
  version "0.3.0"
  resolved "git+https://github.com/bytzdev/node-socketwatcher.git#d252d3f8c45f565a0a48ebd155d4f9e4666798d9"
  dependencies:
    nan "^2.0.9"
